
Microsoft Visual Studio Solution File, Format Version 11.00
# Visual Studio 2010
Project("{FAE04EC0-301F-11D3-BF4B-00C04F79EFBC}") = "Fab.Server", "src\Fab.Server\Fab.Server.csproj", "{192B90DA-497A-4986-9863-1AFAF66A1332}"
EndProject
Project("{FAE04EC0-301F-11D3-BF4B-00C04F79EFBC}") = "Fab.Server.Tests", "src\Fab.Server.Tests\Fab.Server.Tests.csproj", "{7306F78E-0F68-4A9B-A7AF-E8330BC4A119}"
EndProject
Global
	GlobalSection(SourceCodeControl) = preSolution
		SccNumberOfProjects = 3
		SccLocalPath0 = .
		SccProjectUniqueName1 = src\\Fab.Server\\Fab.Server.csproj
		SccLocalPath1 = src\\Fab.Server
		SccProjectUniqueName2 = src\\Fab.Server.Tests\\Fab.Server.Tests.csproj
		SccLocalPath2 = src\\Fab.Server.Tests
	EndGlobalSection
	GlobalSection(SolutionConfigurationPlatforms) = preSolution
		Debug|Any CPU = Debug|Any CPU
		Release|Any CPU = Release|Any CPU
	EndGlobalSection
	GlobalSection(ProjectConfigurationPlatforms) = postSolution
		{192B90DA-497A-4986-9863-1AFAF66A1332}.Debug|Any CPU.ActiveCfg = Debug|Any CPU
		{192B90DA-497A-4986-9863-1AFAF66A1332}.Debug|Any CPU.Build.0 = Debug|Any CPU
		{192B90DA-497A-4986-9863-1AFAF66A1332}.Release|Any CPU.ActiveCfg = Release|Any CPU
		{192B90DA-497A-4986-9863-1AFAF66A1332}.Release|Any CPU.Build.0 = Release|Any CPU
		{7306F78E-0F68-4A9B-A7AF-E8330BC4A119}.Debug|Any CPU.ActiveCfg = Debug|Any CPU
		{7306F78E-0F68-4A9B-A7AF-E8330BC4A119}.Debug|Any CPU.Build.0 = Debug|Any CPU
		{7306F78E-0F68-4A9B-A7AF-E8330BC4A119}.Release|Any CPU.ActiveCfg = Release|Any CPU
		{7306F78E-0F68-4A9B-A7AF-E8330BC4A119}.Release|Any CPU.Build.0 = Release|Any CPU
	EndGlobalSection
	GlobalSection(SolutionProperties) = preSolution
		HideSolutionNode = FALSE
	EndGlobalSection
EndGlobal
