
Microsoft Visual Studio Solution File, Format Version 11.00
# Visual Studio 2010
Project("{FAE04EC0-301F-11D3-BF4B-00C04F79EFBC}") = "Fab.Server", "src\Fab.Server\Fab.Server.csproj", "{192B90DA-497A-4986-9863-1AFAF66A1332}"
EndProject
Project("{FAE04EC0-301F-11D3-BF4B-00C04F79EFBC}") = "Fab.Server.Tests", "src\Fab.Server.Tests\Fab.Server.Tests.csproj", "{7306F78E-0F68-4A9B-A7AF-E8330BC4A119}"
EndProject
Project("{FAE04EC0-301F-11D3-BF4B-00C04F79EFBC}") = "Fab.Server.Import", "src\Fab.Server.Import\Fab.Server.Import.csproj", "{6D57BA19-1557-45CD-B6B6-5A2837B367A0}"
	ProjectSection(ProjectDependencies) = postProject
		{192B90DA-497A-4986-9863-1AFAF66A1332} = {192B90DA-497A-4986-9863-1AFAF66A1332}
	EndProjectSection
EndProject
Global
	GlobalSection(SourceCodeControl) = preSolution
		SccNumberOfProjects = 4
		SccLocalPath0 = .
		SccProjectUniqueName1 = src\\Fab.Server\\Fab.Server.csproj
		SccLocalPath1 = src\\Fab.Server
		SccProjectUniqueName2 = src\\Fab.Server.Tests\\Fab.Server.Tests.csproj
		SccLocalPath2 = src\\Fab.Server.Tests
		SccProjectUniqueName3 = src\\Fab.Server.Import\\Fab.Server.Import.csproj
		SccLocalPath3 = src\\Fab.Server.Import
	EndGlobalSection
	GlobalSection(SolutionConfigurationPlatforms) = preSolution
		Debug|Any CPU = Debug|Any CPU
		Debug|Mixed Platforms = Debug|Mixed Platforms
		Debug|x86 = Debug|x86
		Release|Any CPU = Release|Any CPU
		Release|Mixed Platforms = Release|Mixed Platforms
		Release|x86 = Release|x86
	EndGlobalSection
	GlobalSection(ProjectConfigurationPlatforms) = postSolution
		{192B90DA-497A-4986-9863-1AFAF66A1332}.Debug|Any CPU.ActiveCfg = Debug|Any CPU
		{192B90DA-497A-4986-9863-1AFAF66A1332}.Debug|Any CPU.Build.0 = Debug|Any CPU
		{192B90DA-497A-4986-9863-1AFAF66A1332}.Debug|Mixed Platforms.ActiveCfg = Debug|Any CPU
		{192B90DA-497A-4986-9863-1AFAF66A1332}.Debug|Mixed Platforms.Build.0 = Debug|Any CPU
		{192B90DA-497A-4986-9863-1AFAF66A1332}.Debug|x86.ActiveCfg = Debug|Any CPU
		{192B90DA-497A-4986-9863-1AFAF66A1332}.Release|Any CPU.ActiveCfg = Release|Any CPU
		{192B90DA-497A-4986-9863-1AFAF66A1332}.Release|Any CPU.Build.0 = Release|Any CPU
		{192B90DA-497A-4986-9863-1AFAF66A1332}.Release|Mixed Platforms.ActiveCfg = Release|Any CPU
		{192B90DA-497A-4986-9863-1AFAF66A1332}.Release|Mixed Platforms.Build.0 = Release|Any CPU
		{192B90DA-497A-4986-9863-1AFAF66A1332}.Release|x86.ActiveCfg = Release|Any CPU
		{7306F78E-0F68-4A9B-A7AF-E8330BC4A119}.Debug|Any CPU.ActiveCfg = Debug|Any CPU
		{7306F78E-0F68-4A9B-A7AF-E8330BC4A119}.Debug|Any CPU.Build.0 = Debug|Any CPU
		{7306F78E-0F68-4A9B-A7AF-E8330BC4A119}.Debug|Mixed Platforms.ActiveCfg = Debug|Any CPU
		{7306F78E-0F68-4A9B-A7AF-E8330BC4A119}.Debug|Mixed Platforms.Build.0 = Debug|Any CPU
		{7306F78E-0F68-4A9B-A7AF-E8330BC4A119}.Debug|x86.ActiveCfg = Debug|Any CPU
		{7306F78E-0F68-4A9B-A7AF-E8330BC4A119}.Release|Any CPU.ActiveCfg = Release|Any CPU
		{7306F78E-0F68-4A9B-A7AF-E8330BC4A119}.Release|Any CPU.Build.0 = Release|Any CPU
		{7306F78E-0F68-4A9B-A7AF-E8330BC4A119}.Release|Mixed Platforms.ActiveCfg = Release|Any CPU
		{7306F78E-0F68-4A9B-A7AF-E8330BC4A119}.Release|Mixed Platforms.Build.0 = Release|Any CPU
		{7306F78E-0F68-4A9B-A7AF-E8330BC4A119}.Release|x86.ActiveCfg = Release|Any CPU
		{6D57BA19-1557-45CD-B6B6-5A2837B367A0}.Debug|Any CPU.ActiveCfg = Debug|x86
		{6D57BA19-1557-45CD-B6B6-5A2837B367A0}.Debug|Mixed Platforms.ActiveCfg = Debug|x86
		{6D57BA19-1557-45CD-B6B6-5A2837B367A0}.Debug|Mixed Platforms.Build.0 = Debug|x86
		{6D57BA19-1557-45CD-B6B6-5A2837B367A0}.Debug|x86.ActiveCfg = Debug|x86
		{6D57BA19-1557-45CD-B6B6-5A2837B367A0}.Debug|x86.Build.0 = Debug|x86
		{6D57BA19-1557-45CD-B6B6-5A2837B367A0}.Release|Any CPU.ActiveCfg = Release|x86
		{6D57BA19-1557-45CD-B6B6-5A2837B367A0}.Release|Mixed Platforms.ActiveCfg = Release|x86
		{6D57BA19-1557-45CD-B6B6-5A2837B367A0}.Release|Mixed Platforms.Build.0 = Release|x86
		{6D57BA19-1557-45CD-B6B6-5A2837B367A0}.Release|x86.ActiveCfg = Release|x86
		{6D57BA19-1557-45CD-B6B6-5A2837B367A0}.Release|x86.Build.0 = Release|x86
	EndGlobalSection
	GlobalSection(SolutionProperties) = preSolution
		HideSolutionNode = FALSE
	EndGlobalSection
EndGlobal
